
Microsoft Visual Studio Solution File, Format Version 12.00
# Visual Studio Version 17
VisualStudioVersion = 17.6.33801.468
MinimumVisualStudioVersion = 10.0.40219.1
Project("{9A19103F-16F7-4668-BE54-9A1E7A4F7556}") = "Aws.Api", "Api\Aws.Api.csproj", "{FB222BC7-95A6-4A94-A2AD-AA79C7B33749}"
EndProject
Project("{9A19103F-16F7-4668-BE54-9A1E7A4F7556}") = "Aws.Domain", "Domain\Aws.Domain.csproj", "{3E4A34D3-69CE-4392-BDFE-530E66ABAE5A}"
EndProject
Project("{9A19103F-16F7-4668-BE54-9A1E7A4F7556}") = "Aws.Infra", "Infra\Aws.Infra.csproj", "{D1FD2F6C-7B0C-4ED7-9569-CA8E8899D874}"
EndProject
Project("{9A19103F-16F7-4668-BE54-9A1E7A4F7556}") = "Aws.Domain.Tests", "Domain.Tests\Aws.Domain.Tests.csproj", "{56CC28BB-0FE9-4A50-AABF-9AE2CF2365E7}"
EndProject
Project("{2150E333-8FDC-42A3-9474-1A3956D46DE8}") = "Domain", "Domain", "{D30A7300-3050-4590-AC84-ADB32C91CD5E}"
EndProject
Project("{2150E333-8FDC-42A3-9474-1A3956D46DE8}") = "Api", "Api", "{65469179-6BFD-4535-A3F0-A04E92B972C3}"
EndProject
Project("{2150E333-8FDC-42A3-9474-1A3956D46DE8}") = "Infra", "Infra", "{3FCF6A3D-E5E6-494C-8F76-654E868F5F59}"
EndProject
Project("{9A19103F-16F7-4668-BE54-9A1E7A4F7556}") = "Aws.Infra.Tests", "Aws.Infra.Tests\Aws.Infra.Tests.csproj", "{78951316-289A-4AC3-8BCC-2872F2B051C5}"
EndProject
Project("{2150E333-8FDC-42A3-9474-1A3956D46DE8}") = "Services", "Services", "{D15BB9F1-E0AE-4904-A4B5-35689653C384}"
EndProject
Project("{9A19103F-16F7-4668-BE54-9A1E7A4F7556}") = "Aws.Services", "Aws.Services\Aws.Services.csproj", "{B7748472-F105-43D8-A995-5AE8E1D648DB}"
EndProject
Project("{FAE04EC0-301F-11D3-BF4B-00C04F79EFBC}") = "Aws.Services.Tests", "Aws.Services.Tests\Aws.Services.Tests.csproj", "{E0E4F088-B4D8-418E-A436-FB15F07DE953}"
EndProject
Global
	GlobalSection(SolutionConfigurationPlatforms) = preSolution
		Debug|Any CPU = Debug|Any CPU
		Release|Any CPU = Release|Any CPU
	EndGlobalSection
	GlobalSection(ProjectConfigurationPlatforms) = postSolution
		{FB222BC7-95A6-4A94-A2AD-AA79C7B33749}.Debug|Any CPU.ActiveCfg = Debug|Any CPU
		{FB222BC7-95A6-4A94-A2AD-AA79C7B33749}.Debug|Any CPU.Build.0 = Debug|Any CPU
		{FB222BC7-95A6-4A94-A2AD-AA79C7B33749}.Release|Any CPU.ActiveCfg = Release|Any CPU
		{FB222BC7-95A6-4A94-A2AD-AA79C7B33749}.Release|Any CPU.Build.0 = Release|Any CPU
		{3E4A34D3-69CE-4392-BDFE-530E66ABAE5A}.Debug|Any CPU.ActiveCfg = Debug|Any CPU
		{3E4A34D3-69CE-4392-BDFE-530E66ABAE5A}.Debug|Any CPU.Build.0 = Debug|Any CPU
		{3E4A34D3-69CE-4392-BDFE-530E66ABAE5A}.Release|Any CPU.ActiveCfg = Release|Any CPU
		{3E4A34D3-69CE-4392-BDFE-530E66ABAE5A}.Release|Any CPU.Build.0 = Release|Any CPU
		{D1FD2F6C-7B0C-4ED7-9569-CA8E8899D874}.Debug|Any CPU.ActiveCfg = Debug|Any CPU
		{D1FD2F6C-7B0C-4ED7-9569-CA8E8899D874}.Debug|Any CPU.Build.0 = Debug|Any CPU
		{D1FD2F6C-7B0C-4ED7-9569-CA8E8899D874}.Release|Any CPU.ActiveCfg = Release|Any CPU
		{D1FD2F6C-7B0C-4ED7-9569-CA8E8899D874}.Release|Any CPU.Build.0 = Release|Any CPU
		{56CC28BB-0FE9-4A50-AABF-9AE2CF2365E7}.Debug|Any CPU.ActiveCfg = Debug|Any CPU
		{56CC28BB-0FE9-4A50-AABF-9AE2CF2365E7}.Debug|Any CPU.Build.0 = Debug|Any CPU
		{56CC28BB-0FE9-4A50-AABF-9AE2CF2365E7}.Release|Any CPU.ActiveCfg = Release|Any CPU
		{56CC28BB-0FE9-4A50-AABF-9AE2CF2365E7}.Release|Any CPU.Build.0 = Release|Any CPU
		{78951316-289A-4AC3-8BCC-2872F2B051C5}.Debug|Any CPU.ActiveCfg = Debug|Any CPU
		{78951316-289A-4AC3-8BCC-2872F2B051C5}.Debug|Any CPU.Build.0 = Debug|Any CPU
		{78951316-289A-4AC3-8BCC-2872F2B051C5}.Release|Any CPU.ActiveCfg = Release|Any CPU
		{78951316-289A-4AC3-8BCC-2872F2B051C5}.Release|Any CPU.Build.0 = Release|Any CPU
		{B7748472-F105-43D8-A995-5AE8E1D648DB}.Debug|Any CPU.ActiveCfg = Debug|Any CPU
		{B7748472-F105-43D8-A995-5AE8E1D648DB}.Debug|Any CPU.Build.0 = Debug|Any CPU
		{B7748472-F105-43D8-A995-5AE8E1D648DB}.Release|Any CPU.ActiveCfg = Release|Any CPU
		{B7748472-F105-43D8-A995-5AE8E1D648DB}.Release|Any CPU.Build.0 = Release|Any CPU
		{E0E4F088-B4D8-418E-A436-FB15F07DE953}.Debug|Any CPU.ActiveCfg = Debug|Any CPU
		{E0E4F088-B4D8-418E-A436-FB15F07DE953}.Debug|Any CPU.Build.0 = Debug|Any CPU
		{E0E4F088-B4D8-418E-A436-FB15F07DE953}.Release|Any CPU.ActiveCfg = Release|Any CPU
		{E0E4F088-B4D8-418E-A436-FB15F07DE953}.Release|Any CPU.Build.0 = Release|Any CPU
	EndGlobalSection
	GlobalSection(SolutionProperties) = preSolution
		HideSolutionNode = FALSE
	EndGlobalSection
	GlobalSection(NestedProjects) = preSolution
		{FB222BC7-95A6-4A94-A2AD-AA79C7B33749} = {65469179-6BFD-4535-A3F0-A04E92B972C3}
		{3E4A34D3-69CE-4392-BDFE-530E66ABAE5A} = {D30A7300-3050-4590-AC84-ADB32C91CD5E}
		{D1FD2F6C-7B0C-4ED7-9569-CA8E8899D874} = {3FCF6A3D-E5E6-494C-8F76-654E868F5F59}
		{56CC28BB-0FE9-4A50-AABF-9AE2CF2365E7} = {D30A7300-3050-4590-AC84-ADB32C91CD5E}
		{78951316-289A-4AC3-8BCC-2872F2B051C5} = {3FCF6A3D-E5E6-494C-8F76-654E868F5F59}
		{B7748472-F105-43D8-A995-5AE8E1D648DB} = {D15BB9F1-E0AE-4904-A4B5-35689653C384}
		{E0E4F088-B4D8-418E-A436-FB15F07DE953} = {D15BB9F1-E0AE-4904-A4B5-35689653C384}
	EndGlobalSection
	GlobalSection(ExtensibilityGlobals) = postSolution
		SolutionGuid = {39B2728D-B95A-45EF-990E-E970C452B7EA}
	EndGlobalSection
EndGlobal
